
Microsoft Visual Studio Solution File, Format Version 12.00
# Visual Studio Version 16
VisualStudioVersion = 16.0.29613.14
MinimumVisualStudioVersion = 10.0.40219.1
Project("{9A19103F-16F7-4668-BE54-9A1E7A4F7556}") = "ClientBase", "ClientBase\ClientBase.csproj", "{E83D367B-26C6-4868-A57D-A2FB95D91674}"
EndProject
Global
	GlobalSection(SolutionConfigurationPlatforms) = preSolution
		Debug|Any CPU = Debug|Any CPU
		Release|Any CPU = Release|Any CPU
	EndGlobalSection
	GlobalSection(ProjectConfigurationPlatforms) = postSolution
		{E83D367B-26C6-4868-A57D-A2FB95D91674}.Debug|Any CPU.ActiveCfg = Debug|Any CPU
		{E83D367B-26C6-4868-A57D-A2FB95D91674}.Debug|Any CPU.Build.0 = Debug|Any CPU
		{E83D367B-26C6-4868-A57D-A2FB95D91674}.Release|Any CPU.ActiveCfg = Release|Any CPU
		{E83D367B-26C6-4868-A57D-A2FB95D91674}.Release|Any CPU.Build.0 = Release|Any CPU
	EndGlobalSection
	GlobalSection(SolutionProperties) = preSolution
		HideSolutionNode = FALSE
	EndGlobalSection
	GlobalSection(ExtensibilityGlobals) = postSolution
		SolutionGuid = {9950CCC3-DF6C-44F8-9A8E-1CEA9A42BED5}
	EndGlobalSection
EndGlobal
